
Microsoft Visual Studio Solution File, Format Version 12.00
# Visual Studio 15
VisualStudioVersion = 15.0.28307.421
MinimumVisualStudioVersion = 10.0.40219.1
Project("{FAE04EC0-301F-11D3-BF4B-00C04F79EFBC}") = "AarhusWebDevCoo", "AarhusWebDevCoo\AarhusWebDevCoo.csproj", "{A64EE548-3CCE-46EC-A2F9-9EFC4D355F94}"
EndProject
Global
	GlobalSection(SolutionConfigurationPlatforms) = preSolution
		Debug|Any CPU = Debug|Any CPU
		Release|Any CPU = Release|Any CPU
	EndGlobalSection
	GlobalSection(ProjectConfigurationPlatforms) = postSolution
		{A64EE548-3CCE-46EC-A2F9-9EFC4D355F94}.Debug|Any CPU.ActiveCfg = Debug|Any CPU
		{A64EE548-3CCE-46EC-A2F9-9EFC4D355F94}.Debug|Any CPU.Build.0 = Debug|Any CPU
		{A64EE548-3CCE-46EC-A2F9-9EFC4D355F94}.Release|Any CPU.ActiveCfg = Release|Any CPU
		{A64EE548-3CCE-46EC-A2F9-9EFC4D355F94}.Release|Any CPU.Build.0 = Release|Any CPU
	EndGlobalSection
	GlobalSection(SolutionProperties) = preSolution
		HideSolutionNode = FALSE
	EndGlobalSection
	GlobalSection(ExtensibilityGlobals) = postSolution
		SolutionGuid = {3D3B2646-8C9A-43D1-9A62-2EA58D6348BC}
	EndGlobalSection
EndGlobal
